// !$*UTF8*$!
{
	archiveVersion = 1;
	classes = {
	};
	objectVersion = 50;
	objects = {

/* Begin PBXBuildFile section */
		AD6F047224094F2600964118 /* SharedState.swift in Sources */ = {isa = PBXBuildFile; fileRef = AD6F047124094F2600964118 /* SharedState.swift */; };
		AD6F04742409640B00964118 /* MarketList.swift in Sources */ = {isa = PBXBuildFile; fileRef = AD6F04732409640B00964118 /* MarketList.swift */; };
		AD6F0476240976AC00964118 /* Popover.swift in Sources */ = {isa = PBXBuildFile; fileRef = AD6F0475240976AC00964118 /* Popover.swift */; };
		AD6F04832409F6CF00964118 /* API.swift in Sources */ = {isa = PBXBuildFile; fileRef = AD6F04822409F6CF00964118 /* API.swift */; };
		AD6F04852409FBB600964118 /* JSON.swift in Sources */ = {isa = PBXBuildFile; fileRef = AD6F04842409FBB600964118 /* JSON.swift */; };
		ADAA3E9A240A353300D6192C /* Websocket.swift in Sources */ = {isa = PBXBuildFile; fileRef = ADAA3E99240A353300D6192C /* Websocket.swift */; };
		ADAA3E9B240A430B00D6192C /* Starscream.framework in Frameworks */ = {isa = PBXBuildFile; fileRef = ADAA3E97240A192500D6192C /* Starscream.framework */; };
		ADAA3E9C240A431100D6192C /* Starscream.framework in CopyFiles */ = {isa = PBXBuildFile; fileRef = ADAA3E97240A192500D6192C /* Starscream.framework */; settings = {ATTRIBUTES = (CodeSignOnCopy, RemoveHeadersOnCopy, ); }; };
		ADAA3E9E240A597F00D6192C /* Global.swift in Sources */ = {isa = PBXBuildFile; fileRef = ADAA3E9D240A597F00D6192C /* Global.swift */; };
		ADBF63152407DE8900ACB17A /* AppDelegate.swift in Sources */ = {isa = PBXBuildFile; fileRef = ADBF63142407DE8900ACB17A /* AppDelegate.swift */; };
		ADBF63172407DE8900ACB17A /* SceneDelegate.swift in Sources */ = {isa = PBXBuildFile; fileRef = ADBF63162407DE8900ACB17A /* SceneDelegate.swift */; };
		ADBF63192407DE8900ACB17A /* ContentView.swift in Sources */ = {isa = PBXBuildFile; fileRef = ADBF63182407DE8900ACB17A /* ContentView.swift */; };
		ADBF631B2407DE8F00ACB17A /* Assets.xcassets in Resources */ = {isa = PBXBuildFile; fileRef = ADBF631A2407DE8F00ACB17A /* Assets.xcassets */; };
		ADBF631E2407DE8F00ACB17A /* Preview Assets.xcassets in Resources */ = {isa = PBXBuildFile; fileRef = ADBF631D2407DE8F00ACB17A /* Preview Assets.xcassets */; };
		ADBF63212407DE8F00ACB17A /* LaunchScreen.storyboard in Resources */ = {isa = PBXBuildFile; fileRef = ADBF631F2407DE8F00ACB17A /* LaunchScreen.storyboard */; };
		ADBF632C2407DE8F00ACB17A /* ExchangeTests.swift in Sources */ = {isa = PBXBuildFile; fileRef = ADBF632B2407DE8F00ACB17A /* ExchangeTests.swift */; };
		ADBF633A2408A90000ACB17A /* OrderList.swift in Sources */ = {isa = PBXBuildFile; fileRef = ADBF63392408A90000ACB17A /* OrderList.swift */; };
		ADBF633C2408A9B500ACB17A /* Header.swift in Sources */ = {isa = PBXBuildFile; fileRef = ADBF633B2408A9B500ACB17A /* Header.swift */; };
		BADC84404F18F8942E278A20 /* ColorExts.swift in Sources */ = {isa = PBXBuildFile; fileRef = BADC831C85B120C714FB922B /* ColorExts.swift */; };
		BADC88C965E435D908669D0A /* Order.swift in Sources */ = {isa = PBXBuildFile; fileRef = BADC8E0812B82B61BCCC02DC /* Order.swift */; };
/* End PBXBuildFile section */

/* Begin PBXContainerItemProxy section */
		ADBF63282407DE8F00ACB17A /* PBXContainerItemProxy */ = {
			isa = PBXContainerItemProxy;
			containerPortal = ADBF63092407DE8900ACB17A /* Project object */;
			proxyType = 1;
			remoteGlobalIDString = ADBF63102407DE8900ACB17A;
			remoteInfo = Exchange;
		};
/* End PBXContainerItemProxy section */

/* Begin PBXCopyFilesBuildPhase section */
		ADAA3E96240A190300D6192C /* CopyFiles */ = {
			isa = PBXCopyFilesBuildPhase;
			buildActionMask = 2147483647;
			dstPath = "";
			dstSubfolderSpec = 10;
			files = (
				ADAA3E9C240A431100D6192C /* Starscream.framework in CopyFiles */,
			);
			runOnlyForDeploymentPostprocessing = 0;
		};
/* End PBXCopyFilesBuildPhase section */

/* Begin PBXFileReference section */
		AD6F047124094F2600964118 /* SharedState.swift */ = {isa = PBXFileReference; lastKnownFileType = sourcecode.swift; path = SharedState.swift; sourceTree = "<group>"; };
		AD6F04732409640B00964118 /* MarketList.swift */ = {isa = PBXFileReference; lastKnownFileType = sourcecode.swift; path = MarketList.swift; sourceTree = "<group>"; };
		AD6F0475240976AC00964118 /* Popover.swift */ = {isa = PBXFileReference; lastKnownFileType = sourcecode.swift; path = Popover.swift; sourceTree = "<group>"; };
		AD6F047E2409F61A00964118 /* Starscream.framework */ = {isa = PBXFileReference; lastKnownFileType = wrapper.framework; name = Starscream.framework; path = Carthage/Build/iOS/Starscream.framework; sourceTree = "<group>"; };
		AD6F04822409F6CF00964118 /* API.swift */ = {isa = PBXFileReference; fileEncoding = 4; lastKnownFileType = sourcecode.swift; path = API.swift; sourceTree = "<group>"; };
		AD6F04842409FBB600964118 /* JSON.swift */ = {isa = PBXFileReference; lastKnownFileType = sourcecode.swift; path = JSON.swift; sourceTree = "<group>"; };
		ADAA3E97240A192500D6192C /* Starscream.framework */ = {isa = PBXFileReference; lastKnownFileType = wrapper.framework; name = Starscream.framework; path = Carthage/Build/iOS/Starscream.framework; sourceTree = "<group>"; };
		ADAA3E99240A353300D6192C /* Websocket.swift */ = {isa = PBXFileReference; lastKnownFileType = sourcecode.swift; path = Websocket.swift; sourceTree = "<group>"; };
		ADAA3E9D240A597F00D6192C /* Global.swift */ = {isa = PBXFileReference; lastKnownFileType = sourcecode.swift; path = Global.swift; sourceTree = "<group>"; };
		ADBF63112407DE8900ACB17A /* Exchange.app */ = {isa = PBXFileReference; explicitFileType = wrapper.application; includeInIndex = 0; path = Exchange.app; sourceTree = BUILT_PRODUCTS_DIR; };
		ADBF63142407DE8900ACB17A /* AppDelegate.swift */ = {isa = PBXFileReference; lastKnownFileType = sourcecode.swift; path = AppDelegate.swift; sourceTree = "<group>"; };
		ADBF63162407DE8900ACB17A /* SceneDelegate.swift */ = {isa = PBXFileReference; lastKnownFileType = sourcecode.swift; path = SceneDelegate.swift; sourceTree = "<group>"; };
		ADBF63182407DE8900ACB17A /* ContentView.swift */ = {isa = PBXFileReference; lastKnownFileType = sourcecode.swift; path = ContentView.swift; sourceTree = "<group>"; };
		ADBF631A2407DE8F00ACB17A /* Assets.xcassets */ = {isa = PBXFileReference; lastKnownFileType = folder.assetcatalog; path = Assets.xcassets; sourceTree = "<group>"; };
		ADBF631D2407DE8F00ACB17A /* Preview Assets.xcassets */ = {isa = PBXFileReference; lastKnownFileType = folder.assetcatalog; path = "Preview Assets.xcassets"; sourceTree = "<group>"; };
		ADBF63202407DE8F00ACB17A /* Base */ = {isa = PBXFileReference; lastKnownFileType = file.storyboard; name = Base; path = Base.lproj/LaunchScreen.storyboard; sourceTree = "<group>"; };
		ADBF63222407DE8F00ACB17A /* Info.plist */ = {isa = PBXFileReference; lastKnownFileType = text.plist.xml; path = Info.plist; sourceTree = "<group>"; };
		ADBF63272407DE8F00ACB17A /* ExchangeTests.xctest */ = {isa = PBXFileReference; explicitFileType = wrapper.cfbundle; includeInIndex = 0; path = ExchangeTests.xctest; sourceTree = BUILT_PRODUCTS_DIR; };
		ADBF632B2407DE8F00ACB17A /* ExchangeTests.swift */ = {isa = PBXFileReference; lastKnownFileType = sourcecode.swift; path = ExchangeTests.swift; sourceTree = "<group>"; };
		ADBF632D2407DE8F00ACB17A /* Info.plist */ = {isa = PBXFileReference; lastKnownFileType = text.plist.xml; path = Info.plist; sourceTree = "<group>"; };
		ADBF63392408A90000ACB17A /* OrderList.swift */ = {isa = PBXFileReference; lastKnownFileType = sourcecode.swift; path = OrderList.swift; sourceTree = "<group>"; };
		ADBF633B2408A9B500ACB17A /* Header.swift */ = {isa = PBXFileReference; lastKnownFileType = sourcecode.swift; path = Header.swift; sourceTree = "<group>"; };
		BADC831C85B120C714FB922B /* ColorExts.swift */ = {isa = PBXFileReference; fileEncoding = 4; lastKnownFileType = sourcecode.swift; path = ColorExts.swift; sourceTree = "<group>"; };
		BADC8E0812B82B61BCCC02DC /* Order.swift */ = {isa = PBXFileReference; fileEncoding = 4; lastKnownFileType = sourcecode.swift; path = Order.swift; sourceTree = "<group>"; };
/* End PBXFileReference section */

/* Begin PBXFrameworksBuildPhase section */
		ADBF630E2407DE8900ACB17A /* Frameworks */ = {
			isa = PBXFrameworksBuildPhase;
			buildActionMask = 2147483647;
			files = (
				ADAA3E9B240A430B00D6192C /* Starscream.framework in Frameworks */,
			);
			runOnlyForDeploymentPostprocessing = 0;
		};
		ADBF63242407DE8F00ACB17A /* Frameworks */ = {
			isa = PBXFrameworksBuildPhase;
			buildActionMask = 2147483647;
			files = (
			);
			runOnlyForDeploymentPostprocessing = 0;
		};
/* End PBXFrameworksBuildPhase section */

/* Begin PBXGroup section */
		AD6F047024094EE300964118 /* Environment */ = {
			isa = PBXGroup;
			children = (
				ADAA3E99240A353300D6192C /* Websocket.swift */,
				AD6F047124094F2600964118 /* SharedState.swift */,
			);
			path = Environment;
			sourceTree = "<group>";
		};
		AD6F04772409EB8100964118 /* Service */ = {
			isa = PBXGroup;
			children = (
				AD6F04822409F6CF00964118 /* API.swift */,
				AD6F04842409FBB600964118 /* JSON.swift */,
			);
			path = Service;
			sourceTree = "<group>";
		};
		AD6F047A2409F27F00964118 /* Model */ = {
			isa = PBXGroup;
			children = (
				BADC8E0812B82B61BCCC02DC /* Order.swift */,
			);
			path = Model;
			sourceTree = "<group>";
		};
		AD6F047D2409F61A00964118 /* Frameworks */ = {
			isa = PBXGroup;
			children = (
				AD6F047E2409F61A00964118 /* Starscream.framework */,
			);
			name = Frameworks;
			sourceTree = "<group>";
		};
		ADBF63082407DE8900ACB17A = {
			isa = PBXGroup;
			children = (
				ADAA3E97240A192500D6192C /* Starscream.framework */,
				ADBF63132407DE8900ACB17A /* Exchange */,
				ADBF632A2407DE8F00ACB17A /* ExchangeTests */,
				ADBF63122407DE8900ACB17A /* Products */,
				AD6F047D2409F61A00964118 /* Frameworks */,
			);
			sourceTree = "<group>";
		};
		ADBF63122407DE8900ACB17A /* Products */ = {
			isa = PBXGroup;
			children = (
				ADBF63112407DE8900ACB17A /* Exchange.app */,
				ADBF63272407DE8F00ACB17A /* ExchangeTests.xctest */,
			);
			name = Products;
			sourceTree = "<group>";
		};
		ADBF63132407DE8900ACB17A /* Exchange */ = {
			isa = PBXGroup;
			children = (
				AD6F047A2409F27F00964118 /* Model */,
				AD6F04772409EB8100964118 /* Service */,
				AD6F047024094EE300964118 /* Environment */,
				ADBF633624088BEC00ACB17A /* Views */,
				ADBF63142407DE8900ACB17A /* AppDelegate.swift */,
				ADBF63162407DE8900ACB17A /* SceneDelegate.swift */,
				ADBF63182407DE8900ACB17A /* ContentView.swift */,
				ADBF631A2407DE8F00ACB17A /* Assets.xcassets */,
				ADBF631F2407DE8F00ACB17A /* LaunchScreen.storyboard */,
				ADBF63222407DE8F00ACB17A /* Info.plist */,
				ADBF631C2407DE8F00ACB17A /* Preview Content */,
				ADAA3E9D240A597F00D6192C /* Global.swift */,
				BADC814624BF9F3767FF7D38 /* Extension */,
			);
			path = Exchange;
			sourceTree = "<group>";
		};
		ADBF631C2407DE8F00ACB17A /* Preview Content */ = {
			isa = PBXGroup;
			children = (
				ADBF631D2407DE8F00ACB17A /* Preview Assets.xcassets */,
			);
			path = "Preview Content";
			sourceTree = "<group>";
		};
		ADBF632A2407DE8F00ACB17A /* ExchangeTests */ = {
			isa = PBXGroup;
			children = (
				ADBF632B2407DE8F00ACB17A /* ExchangeTests.swift */,
				ADBF632D2407DE8F00ACB17A /* Info.plist */,
			);
			path = ExchangeTests;
			sourceTree = "<group>";
		};
		ADBF633624088BEC00ACB17A /* Views */ = {
			isa = PBXGroup;
			children = (
				ADBF63392408A90000ACB17A /* OrderList.swift */,
				ADBF633B2408A9B500ACB17A /* Header.swift */,
				AD6F04732409640B00964118 /* MarketList.swift */,
				AD6F0475240976AC00964118 /* Popover.swift */,
			);
			path = Views;
			sourceTree = "<group>";
		};
		BADC814624BF9F3767FF7D38 /* Extension */ = {
			isa = PBXGroup;
			children = (
				BADC831C85B120C714FB922B /* ColorExts.swift */,
			);
			path = Extension;
			sourceTree = "<group>";
		};
/* End PBXGroup section */

/* Begin PBXNativeTarget section */
		ADBF63102407DE8900ACB17A /* Exchange */ = {
			isa = PBXNativeTarget;
			buildConfigurationList = ADBF63302407DE8F00ACB17A /* Build configuration list for PBXNativeTarget "Exchange" */;
			buildPhases = (
				ADBF630D2407DE8900ACB17A /* Sources */,
				ADBF630E2407DE8900ACB17A /* Frameworks */,
				ADBF630F2407DE8900ACB17A /* Resources */,
				ADAA3E96240A190300D6192C /* CopyFiles */,
			);
			buildRules = (
			);
			dependencies = (
			);
			name = Exchange;
			productName = Exchange;
			productReference = ADBF63112407DE8900ACB17A /* Exchange.app */;
			productType = "com.apple.product-type.application";
		};
		ADBF63262407DE8F00ACB17A /* ExchangeTests */ = {
			isa = PBXNativeTarget;
			buildConfigurationList = ADBF63332407DE8F00ACB17A /* Build configuration list for PBXNativeTarget "ExchangeTests" */;
			buildPhases = (
				ADBF63232407DE8F00ACB17A /* Sources */,
				ADBF63242407DE8F00ACB17A /* Frameworks */,
				ADBF63252407DE8F00ACB17A /* Resources */,
			);
			buildRules = (
			);
			dependencies = (
				ADBF63292407DE8F00ACB17A /* PBXTargetDependency */,
			);
			name = ExchangeTests;
			productName = ExchangeTests;
			productReference = ADBF63272407DE8F00ACB17A /* ExchangeTests.xctest */;
			productType = "com.apple.product-type.bundle.unit-test";
		};
/* End PBXNativeTarget section */

/* Begin PBXProject section */
		ADBF63092407DE8900ACB17A /* Project object */ = {
			isa = PBXProject;
			attributes = {
				LastSwiftUpdateCheck = 1130;
				LastUpgradeCheck = 1130;
				ORGANIZATIONNAME = stargate;
				TargetAttributes = {
					ADBF63102407DE8900ACB17A = {
						CreatedOnToolsVersion = 11.3.1;
					};
					ADBF63262407DE8F00ACB17A = {
						CreatedOnToolsVersion = 11.3.1;
						TestTargetID = ADBF63102407DE8900ACB17A;
					};
				};
			};
			buildConfigurationList = ADBF630C2407DE8900ACB17A /* Build configuration list for PBXProject "Exchange" */;
			compatibilityVersion = "Xcode 9.3";
			developmentRegion = en;
			hasScannedForEncodings = 0;
			knownRegions = (
				en,
				Base,
			);
			mainGroup = ADBF63082407DE8900ACB17A;
			productRefGroup = ADBF63122407DE8900ACB17A /* Products */;
			projectDirPath = "";
			projectRoot = "";
			targets = (
				ADBF63102407DE8900ACB17A /* Exchange */,
				ADBF63262407DE8F00ACB17A /* ExchangeTests */,
			);
		};
/* End PBXProject section */

/* Begin PBXResourcesBuildPhase section */
		ADBF630F2407DE8900ACB17A /* Resources */ = {
			isa = PBXResourcesBuildPhase;
			buildActionMask = 2147483647;
			files = (
				ADBF63212407DE8F00ACB17A /* LaunchScreen.storyboard in Resources */,
				ADBF631E2407DE8F00ACB17A /* Preview Assets.xcassets in Resources */,
				ADBF631B2407DE8F00ACB17A /* Assets.xcassets in Resources */,
			);
			runOnlyForDeploymentPostprocessing = 0;
		};
		ADBF63252407DE8F00ACB17A /* Resources */ = {
			isa = PBXResourcesBuildPhase;
			buildActionMask = 2147483647;
			files = (
			);
			runOnlyForDeploymentPostprocessing = 0;
		};
/* End PBXResourcesBuildPhase section */

/* Begin PBXSourcesBuildPhase section */
		ADBF630D2407DE8900ACB17A /* Sources */ = {
			isa = PBXSourcesBuildPhase;
			buildActionMask = 2147483647;
			files = (
				ADBF63152407DE8900ACB17A /* AppDelegate.swift in Sources */,
				ADAA3E9A240A353300D6192C /* Websocket.swift in Sources */,
				AD6F04852409FBB600964118 /* JSON.swift in Sources */,
				AD6F0476240976AC00964118 /* Popover.swift in Sources */,
				ADBF633A2408A90000ACB17A /* OrderList.swift in Sources */,
				ADAA3E9E240A597F00D6192C /* Global.swift in Sources */,
				AD6F04742409640B00964118 /* MarketList.swift in Sources */,
				AD6F04832409F6CF00964118 /* API.swift in Sources */,
				ADBF63172407DE8900ACB17A /* SceneDelegate.swift in Sources */,
				AD6F047224094F2600964118 /* SharedState.swift in Sources */,
				ADBF633C2408A9B500ACB17A /* Header.swift in Sources */,
				ADBF63192407DE8900ACB17A /* ContentView.swift in Sources */,
				BADC88C965E435D908669D0A /* Order.swift in Sources */,
				BADC84404F18F8942E278A20 /* ColorExts.swift in Sources */,
			);
			runOnlyForDeploymentPostprocessing = 0;
		};
		ADBF63232407DE8F00ACB17A /* Sources */ = {
			isa = PBXSourcesBuildPhase;
			buildActionMask = 2147483647;
			files = (
				ADBF632C2407DE8F00ACB17A /* ExchangeTests.swift in Sources */,
			);
			runOnlyForDeploymentPostprocessing = 0;
		};
/* End PBXSourcesBuildPhase section */

/* Begin PBXTargetDependency section */
		ADBF63292407DE8F00ACB17A /* PBXTargetDependency */ = {
			isa = PBXTargetDependency;
			target = ADBF63102407DE8900ACB17A /* Exchange */;
			targetProxy = ADBF63282407DE8F00ACB17A /* PBXContainerItemProxy */;
		};
/* End PBXTargetDependency section */

/* Begin PBXVariantGroup section */
		ADBF631F2407DE8F00ACB17A /* LaunchScreen.storyboard */ = {
			isa = PBXVariantGroup;
			children = (
				ADBF63202407DE8F00ACB17A /* Base */,
			);
			name = LaunchScreen.storyboard;
			sourceTree = "<group>";
		};
/* End PBXVariantGroup section */

/* Begin XCBuildConfiguration section */
		ADBF632E2407DE8F00ACB17A /* Debug */ = {
			isa = XCBuildConfiguration;
			buildSettings = {
				ALWAYS_SEARCH_USER_PATHS = NO;
				CLANG_ANALYZER_NONNULL = YES;
				CLANG_ANALYZER_NUMBER_OBJECT_CONVERSION = YES_AGGRESSIVE;
				CLANG_CXX_LANGUAGE_STANDARD = "gnu++14";
				CLANG_CXX_LIBRARY = "libc++";
				CLANG_ENABLE_MODULES = YES;
				CLANG_ENABLE_OBJC_ARC = YES;
				CLANG_ENABLE_OBJC_WEAK = YES;
				CLANG_WARN_BLOCK_CAPTURE_AUTORELEASING = YES;
				CLANG_WARN_BOOL_CONVERSION = YES;
				CLANG_WARN_COMMA = YES;
				CLANG_WARN_CONSTANT_CONVERSION = YES;
				CLANG_WARN_DEPRECATED_OBJC_IMPLEMENTATIONS = YES;
				CLANG_WARN_DIRECT_OBJC_ISA_USAGE = YES_ERROR;
				CLANG_WARN_DOCUMENTATION_COMMENTS = YES;
				CLANG_WARN_EMPTY_BODY = YES;
				CLANG_WARN_ENUM_CONVERSION = YES;
				CLANG_WARN_INFINITE_RECURSION = YES;
				CLANG_WARN_INT_CONVERSION = YES;
				CLANG_WARN_NON_LITERAL_NULL_CONVERSION = YES;
				CLANG_WARN_OBJC_IMPLICIT_RETAIN_SELF = YES;
				CLANG_WARN_OBJC_LITERAL_CONVERSION = YES;
				CLANG_WARN_OBJC_ROOT_CLASS = YES_ERROR;
				CLANG_WARN_RANGE_LOOP_ANALYSIS = YES;
				CLANG_WARN_STRICT_PROTOTYPES = YES;
				CLANG_WARN_SUSPICIOUS_MOVE = YES;
				CLANG_WARN_UNGUARDED_AVAILABILITY = YES_AGGRESSIVE;
				CLANG_WARN_UNREACHABLE_CODE = YES;
				CLANG_WARN__DUPLICATE_METHOD_MATCH = YES;
				COPY_PHASE_STRIP = NO;
				DEBUG_INFORMATION_FORMAT = dwarf;
				ENABLE_STRICT_OBJC_MSGSEND = YES;
				ENABLE_TESTABILITY = YES;
				GCC_C_LANGUAGE_STANDARD = gnu11;
				GCC_DYNAMIC_NO_PIC = NO;
				GCC_NO_COMMON_BLOCKS = YES;
				GCC_OPTIMIZATION_LEVEL = 0;
				GCC_PREPROCESSOR_DEFINITIONS = (
					"DEBUG=1",
					"$(inherited)",
				);
				GCC_WARN_64_TO_32_BIT_CONVERSION = YES;
				GCC_WARN_ABOUT_RETURN_TYPE = YES_ERROR;
				GCC_WARN_UNDECLARED_SELECTOR = YES;
				GCC_WARN_UNINITIALIZED_AUTOS = YES_AGGRESSIVE;
				GCC_WARN_UNUSED_FUNCTION = YES;
				GCC_WARN_UNUSED_VARIABLE = YES;
				IPHONEOS_DEPLOYMENT_TARGET = 13.2;
				MTL_ENABLE_DEBUG_INFO = INCLUDE_SOURCE;
				MTL_FAST_MATH = YES;
				ONLY_ACTIVE_ARCH = YES;
				SDKROOT = iphoneos;
				SWIFT_ACTIVE_COMPILATION_CONDITIONS = DEBUG;
				SWIFT_OPTIMIZATION_LEVEL = "-Onone";
			};
			name = Debug;
		};
		ADBF632F2407DE8F00ACB17A /* Release */ = {
			isa = XCBuildConfiguration;
			buildSettings = {
				ALWAYS_SEARCH_USER_PATHS = NO;
				CLANG_ANALYZER_NONNULL = YES;
				CLANG_ANALYZER_NUMBER_OBJECT_CONVERSION = YES_AGGRESSIVE;
				CLANG_CXX_LANGUAGE_STANDARD = "gnu++14";
				CLANG_CXX_LIBRARY = "libc++";
				CLANG_ENABLE_MODULES = YES;
				CLANG_ENABLE_OBJC_ARC = YES;
				CLANG_ENABLE_OBJC_WEAK = YES;
				CLANG_WARN_BLOCK_CAPTURE_AUTORELEASING = YES;
				CLANG_WARN_BOOL_CONVERSION = YES;
				CLANG_WARN_COMMA = YES;
				CLANG_WARN_CONSTANT_CONVERSION = YES;
				CLANG_WARN_DEPRECATED_OBJC_IMPLEMENTATIONS = YES;
				CLANG_WARN_DIRECT_OBJC_ISA_USAGE = YES_ERROR;
				CLANG_WARN_DOCUMENTATION_COMMENTS = YES;
				CLANG_WARN_EMPTY_BODY = YES;
				CLANG_WARN_ENUM_CONVERSION = YES;
				CLANG_WARN_INFINITE_RECURSION = YES;
				CLANG_WARN_INT_CONVERSION = YES;
				CLANG_WARN_NON_LITERAL_NULL_CONVERSION = YES;
				CLANG_WARN_OBJC_IMPLICIT_RETAIN_SELF = YES;
				CLANG_WARN_OBJC_LITERAL_CONVERSION = YES;
				CLANG_WARN_OBJC_ROOT_CLASS = YES_ERROR;
				CLANG_WARN_RANGE_LOOP_ANALYSIS = YES;
				CLANG_WARN_STRICT_PROTOTYPES = YES;
				CLANG_WARN_SUSPICIOUS_MOVE = YES;
				CLANG_WARN_UNGUARDED_AVAILABILITY = YES_AGGRESSIVE;
				CLANG_WARN_UNREACHABLE_CODE = YES;
				CLANG_WARN__DUPLICATE_METHOD_MATCH = YES;
				COPY_PHASE_STRIP = NO;
				DEBUG_INFORMATION_FORMAT = "dwarf-with-dsym";
				ENABLE_NS_ASSERTIONS = NO;
				ENABLE_STRICT_OBJC_MSGSEND = YES;
				GCC_C_LANGUAGE_STANDARD = gnu11;
				GCC_NO_COMMON_BLOCKS = YES;
				GCC_WARN_64_TO_32_BIT_CONVERSION = YES;
				GCC_WARN_ABOUT_RETURN_TYPE = YES_ERROR;
				GCC_WARN_UNDECLARED_SELECTOR = YES;
				GCC_WARN_UNINITIALIZED_AUTOS = YES_AGGRESSIVE;
				GCC_WARN_UNUSED_FUNCTION = YES;
				GCC_WARN_UNUSED_VARIABLE = YES;
				IPHONEOS_DEPLOYMENT_TARGET = 13.2;
				MTL_ENABLE_DEBUG_INFO = NO;
				MTL_FAST_MATH = YES;
				SDKROOT = iphoneos;
				SWIFT_COMPILATION_MODE = wholemodule;
				SWIFT_OPTIMIZATION_LEVEL = "-O";
				VALIDATE_PRODUCT = YES;
			};
			name = Release;
		};
		ADBF63312407DE8F00ACB17A /* Debug */ = {
			isa = XCBuildConfiguration;
			buildSettings = {
				ASSETCATALOG_COMPILER_APPICON_NAME = AppIcon;
				CODE_SIGN_STYLE = Automatic;
				DEVELOPMENT_ASSET_PATHS = "\"Exchange/Preview Content\"";
				DEVELOPMENT_TEAM = CR885EC429;
				ENABLE_PREVIEWS = YES;
				FRAMEWORK_SEARCH_PATHS = (
					"$(inherited)",
					"$(PROJECT_DIR)/Carthage/Build/iOS",
				);
				INFOPLIST_FILE = Exchange/Info.plist;
				LD_RUNPATH_SEARCH_PATHS = (
					"$(inherited)",
					"@executable_path/Frameworks",
				);
				PRODUCT_BUNDLE_IDENTIFIER = sg1.Exchange;
				PRODUCT_NAME = "$(TARGET_NAME)";
				SWIFT_VERSION = 5.0;
				TARGETED_DEVICE_FAMILY = 1;
			};
			name = Debug;
		};
		ADBF63322407DE8F00ACB17A /* Release */ = {
			isa = XCBuildConfiguration;
			buildSettings = {
				ASSETCATALOG_COMPILER_APPICON_NAME = AppIcon;
				CODE_SIGN_STYLE = Automatic;
				DEVELOPMENT_ASSET_PATHS = "\"Exchange/Preview Content\"";
				DEVELOPMENT_TEAM = CR885EC429;
				ENABLE_PREVIEWS = YES;
				FRAMEWORK_SEARCH_PATHS = (
					"$(inherited)",
					"$(PROJECT_DIR)/Carthage/Build/iOS",
				);
				INFOPLIST_FILE = Exchange/Info.plist;
				LD_RUNPATH_SEARCH_PATHS = (
					"$(inherited)",
					"@executable_path/Frameworks",
				);
				PRODUCT_BUNDLE_IDENTIFIER = sg1.Exchange;
				PRODUCT_NAME = "$(TARGET_NAME)";
				SWIFT_VERSION = 5.0;
				TARGETED_DEVICE_FAMILY = 1;
			};
			name = Release;
		};
		ADBF63342407DE8F00ACB17A /* Debug */ = {
			isa = XCBuildConfiguration;
			buildSettings = {
				ALWAYS_EMBED_SWIFT_STANDARD_LIBRARIES = YES;
				BUNDLE_LOADER = "$(TEST_HOST)";
				CODE_SIGN_STYLE = Automatic;
				DEVELOPMENT_TEAM = CR885EC429;
				INFOPLIST_FILE = ExchangeTests/Info.plist;
				IPHONEOS_DEPLOYMENT_TARGET = 13.2;
				LD_RUNPATH_SEARCH_PATHS = (
					"$(inherited)",
					"@executable_path/Frameworks",
					"@loader_path/Frameworks",
				);
				PRODUCT_BUNDLE_IDENTIFIER = sg1.ExchangeTests;
				PRODUCT_NAME = "$(TARGET_NAME)";
				SWIFT_VERSION = 5.0;
				TARGETED_DEVICE_FAMILY = "1,2";
				TEST_HOST = "$(BUILT_PRODUCTS_DIR)/Exchange.app/Exchange";
			};
			name = Debug;
		};
		ADBF63352407DE8F00ACB17A /* Release */ = {
			isa = XCBuildConfiguration;
			buildSettings = {
				ALWAYS_EMBED_SWIFT_STANDARD_LIBRARIES = YES;
				BUNDLE_LOADER = "$(TEST_HOST)";
				CODE_SIGN_STYLE = Automatic;
				DEVELOPMENT_TEAM = CR885EC429;
				INFOPLIST_FILE = ExchangeTests/Info.plist;
				IPHONEOS_DEPLOYMENT_TARGET = 13.2;
				LD_RUNPATH_SEARCH_PATHS = (
					"$(inherited)",
					"@executable_path/Frameworks",
					"@loader_path/Frameworks",
				);
				PRODUCT_BUNDLE_IDENTIFIER = sg1.ExchangeTests;
				PRODUCT_NAME = "$(TARGET_NAME)";
				SWIFT_VERSION = 5.0;
				TARGETED_DEVICE_FAMILY = "1,2";
				TEST_HOST = "$(BUILT_PRODUCTS_DIR)/Exchange.app/Exchange";
			};
			name = Release;
		};
/* End XCBuildConfiguration section */

/* Begin XCConfigurationList section */
		ADBF630C2407DE8900ACB17A /* Build configuration list for PBXProject "Exchange" */ = {
			isa = XCConfigurationList;
			buildConfigurations = (
				ADBF632E2407DE8F00ACB17A /* Debug */,
				ADBF632F2407DE8F00ACB17A /* Release */,
			);
			defaultConfigurationIsVisible = 0;
			defaultConfigurationName = Release;
		};
		ADBF63302407DE8F00ACB17A /* Build configuration list for PBXNativeTarget "Exchange" */ = {
			isa = XCConfigurationList;
			buildConfigurations = (
				ADBF63312407DE8F00ACB17A /* Debug */,
				ADBF63322407DE8F00ACB17A /* Release */,
			);
			defaultConfigurationIsVisible = 0;
			defaultConfigurationName = Release;
		};
		ADBF63332407DE8F00ACB17A /* Build configuration list for PBXNativeTarget "ExchangeTests" */ = {
			isa = XCConfigurationList;
			buildConfigurations = (
				ADBF63342407DE8F00ACB17A /* Debug */,
				ADBF63352407DE8F00ACB17A /* Release */,
			);
			defaultConfigurationIsVisible = 0;
			defaultConfigurationName = Release;
		};
/* End XCConfigurationList section */
	};
	rootObject = ADBF63092407DE8900ACB17A /* Project object */;
}
